
Microsoft Visual Studio Solution File, Format Version 12.00
# Visual Studio 14
VisualStudioVersion = 14.0.23107.0
MinimumVisualStudioVersion = 10.0.40219.1
Project("{2150E333-8FDC-42A3-9474-1A3956D46DE8}") = "Business", "Business", "{03FB881D-211D-424F-8EBF-78D54801AE61}"
EndProject
Project("{2150E333-8FDC-42A3-9474-1A3956D46DE8}") = "Client", "Client", "{4B55608A-C949-4B98-A1D8-591635C78D9F}"
EndProject
Project("{FAE04EC0-301F-11D3-BF4B-00C04F79EFBC}") = "CarRental.Business.Entities", "CarRental.Business.Entities\CarRental.Business.Entities.csproj", "{1B80C4F8-0A60-486E-9153-448690BD8B38}"
EndProject
Project("{FAE04EC0-301F-11D3-BF4B-00C04F79EFBC}") = "CarRental.Client.Entities", "CarRental.Client.Entities\CarRental.Client.Entities.csproj", "{90856995-0134-4643-9760-C77F50D5D009}"
EndProject
Project("{2150E333-8FDC-42A3-9474-1A3956D46DE8}") = "Core", "Core", "{0B4EF77E-50A6-4859-8BF2-B62FE2B7B868}"
EndProject
Project("{FAE04EC0-301F-11D3-BF4B-00C04F79EFBC}") = "Core.Common", "Core.Common\Core.Common.csproj", "{62A5CD4D-3671-44E1-A8E8-4DA04E6B8687}"
EndProject
Project("{FAE04EC0-301F-11D3-BF4B-00C04F79EFBC}") = "Core.Common.Contracts", "Core.Common.Contracts\Core.Common.Contracts.csproj", "{5FB87B13-3735-4375-89DE-2B4903868B96}"
EndProject
Project("{2150E333-8FDC-42A3-9474-1A3956D46DE8}") = "Tests", "Tests", "{1BEDAD0A-B347-4979-BFD2-4D0E38CE2FB4}"
EndProject
Project("{FAE04EC0-301F-11D3-BF4B-00C04F79EFBC}") = "Core.Common.Tests", "Core.Common.Tests\Core.Common.Tests.csproj", "{0011BA49-45E5-4AFF-8FB4-F415A71F4570}"
EndProject
Project("{2150E333-8FDC-42A3-9474-1A3956D46DE8}") = "ResourceAccess", "ResourceAccess", "{D080A5F1-202B-4516-B6C4-B043C3AF9347}"
EndProject
Project("{FAE04EC0-301F-11D3-BF4B-00C04F79EFBC}") = "CarRental.Data", "CarRental.Data\CarRental.Data.csproj", "{B6DD62C5-5896-4643-BDF7-4D00B17E95A2}"
EndProject
Project("{FAE04EC0-301F-11D3-BF4B-00C04F79EFBC}") = "CarRental.Data.Contracts", "CarRental.Data.Contracts\CarRental.Data.Contracts.csproj", "{89305A7A-41B4-45C9-A935-634BB5BFF3BE}"
EndProject
Project("{FAE04EC0-301F-11D3-BF4B-00C04F79EFBC}") = "CarRental.Data.Tests", "CarRental.Data.Tests\CarRental.Data.Tests.csproj", "{B3761E84-5178-430F-BD8C-5309503B1112}"
EndProject
Project("{FAE04EC0-301F-11D3-BF4B-00C04F79EFBC}") = "CarRental.Business.Bootstrapper", "CarRental.Business.Bootstrapper\CarRental.Business.Bootstrapper.csproj", "{1F08B562-23CB-40E6-9C9F-298C7B2EE9B0}"
EndProject
Project("{FAE04EC0-301F-11D3-BF4B-00C04F79EFBC}") = "CarRental.Business.Contracts", "CarRental.Business.Contracts\CarRental.Business.Contracts.csproj", "{564BA9D8-C6CA-4B15-A37A-9A9673D62733}"
EndProject
Project("{FAE04EC0-301F-11D3-BF4B-00C04F79EFBC}") = "CarRental.Business.Managers", "CarRental.Business.Managers\CarRental.Business.Managers.csproj", "{A83F35DE-D998-4A27-B98C-8320090D7F56}"
EndProject
Global
	GlobalSection(SolutionConfigurationPlatforms) = preSolution
		Debug|Any CPU = Debug|Any CPU
		Release|Any CPU = Release|Any CPU
	EndGlobalSection
	GlobalSection(ProjectConfigurationPlatforms) = postSolution
		{1B80C4F8-0A60-486E-9153-448690BD8B38}.Debug|Any CPU.ActiveCfg = Debug|Any CPU
		{1B80C4F8-0A60-486E-9153-448690BD8B38}.Debug|Any CPU.Build.0 = Debug|Any CPU
		{1B80C4F8-0A60-486E-9153-448690BD8B38}.Release|Any CPU.ActiveCfg = Release|Any CPU
		{1B80C4F8-0A60-486E-9153-448690BD8B38}.Release|Any CPU.Build.0 = Release|Any CPU
		{90856995-0134-4643-9760-C77F50D5D009}.Debug|Any CPU.ActiveCfg = Debug|Any CPU
		{90856995-0134-4643-9760-C77F50D5D009}.Debug|Any CPU.Build.0 = Debug|Any CPU
		{90856995-0134-4643-9760-C77F50D5D009}.Release|Any CPU.ActiveCfg = Release|Any CPU
		{90856995-0134-4643-9760-C77F50D5D009}.Release|Any CPU.Build.0 = Release|Any CPU
		{62A5CD4D-3671-44E1-A8E8-4DA04E6B8687}.Debug|Any CPU.ActiveCfg = Debug|Any CPU
		{62A5CD4D-3671-44E1-A8E8-4DA04E6B8687}.Debug|Any CPU.Build.0 = Debug|Any CPU
		{62A5CD4D-3671-44E1-A8E8-4DA04E6B8687}.Release|Any CPU.ActiveCfg = Release|Any CPU
		{62A5CD4D-3671-44E1-A8E8-4DA04E6B8687}.Release|Any CPU.Build.0 = Release|Any CPU
		{5FB87B13-3735-4375-89DE-2B4903868B96}.Debug|Any CPU.ActiveCfg = Debug|Any CPU
		{5FB87B13-3735-4375-89DE-2B4903868B96}.Debug|Any CPU.Build.0 = Debug|Any CPU
		{5FB87B13-3735-4375-89DE-2B4903868B96}.Release|Any CPU.ActiveCfg = Release|Any CPU
		{5FB87B13-3735-4375-89DE-2B4903868B96}.Release|Any CPU.Build.0 = Release|Any CPU
		{0011BA49-45E5-4AFF-8FB4-F415A71F4570}.Debug|Any CPU.ActiveCfg = Debug|Any CPU
		{0011BA49-45E5-4AFF-8FB4-F415A71F4570}.Debug|Any CPU.Build.0 = Debug|Any CPU
		{0011BA49-45E5-4AFF-8FB4-F415A71F4570}.Release|Any CPU.ActiveCfg = Release|Any CPU
		{0011BA49-45E5-4AFF-8FB4-F415A71F4570}.Release|Any CPU.Build.0 = Release|Any CPU
		{B6DD62C5-5896-4643-BDF7-4D00B17E95A2}.Debug|Any CPU.ActiveCfg = Debug|Any CPU
		{B6DD62C5-5896-4643-BDF7-4D00B17E95A2}.Debug|Any CPU.Build.0 = Debug|Any CPU
		{B6DD62C5-5896-4643-BDF7-4D00B17E95A2}.Release|Any CPU.ActiveCfg = Release|Any CPU
		{B6DD62C5-5896-4643-BDF7-4D00B17E95A2}.Release|Any CPU.Build.0 = Release|Any CPU
		{89305A7A-41B4-45C9-A935-634BB5BFF3BE}.Debug|Any CPU.ActiveCfg = Debug|Any CPU
		{89305A7A-41B4-45C9-A935-634BB5BFF3BE}.Debug|Any CPU.Build.0 = Debug|Any CPU
		{89305A7A-41B4-45C9-A935-634BB5BFF3BE}.Release|Any CPU.ActiveCfg = Release|Any CPU
		{89305A7A-41B4-45C9-A935-634BB5BFF3BE}.Release|Any CPU.Build.0 = Release|Any CPU
		{B3761E84-5178-430F-BD8C-5309503B1112}.Debug|Any CPU.ActiveCfg = Debug|Any CPU
		{B3761E84-5178-430F-BD8C-5309503B1112}.Debug|Any CPU.Build.0 = Debug|Any CPU
		{B3761E84-5178-430F-BD8C-5309503B1112}.Release|Any CPU.ActiveCfg = Release|Any CPU
		{B3761E84-5178-430F-BD8C-5309503B1112}.Release|Any CPU.Build.0 = Release|Any CPU
		{1F08B562-23CB-40E6-9C9F-298C7B2EE9B0}.Debug|Any CPU.ActiveCfg = Debug|Any CPU
		{1F08B562-23CB-40E6-9C9F-298C7B2EE9B0}.Debug|Any CPU.Build.0 = Debug|Any CPU
		{1F08B562-23CB-40E6-9C9F-298C7B2EE9B0}.Release|Any CPU.ActiveCfg = Release|Any CPU
		{1F08B562-23CB-40E6-9C9F-298C7B2EE9B0}.Release|Any CPU.Build.0 = Release|Any CPU
		{564BA9D8-C6CA-4B15-A37A-9A9673D62733}.Debug|Any CPU.ActiveCfg = Debug|Any CPU
		{564BA9D8-C6CA-4B15-A37A-9A9673D62733}.Debug|Any CPU.Build.0 = Debug|Any CPU
		{564BA9D8-C6CA-4B15-A37A-9A9673D62733}.Release|Any CPU.ActiveCfg = Release|Any CPU
		{564BA9D8-C6CA-4B15-A37A-9A9673D62733}.Release|Any CPU.Build.0 = Release|Any CPU
		{A83F35DE-D998-4A27-B98C-8320090D7F56}.Debug|Any CPU.ActiveCfg = Debug|Any CPU
		{A83F35DE-D998-4A27-B98C-8320090D7F56}.Debug|Any CPU.Build.0 = Debug|Any CPU
		{A83F35DE-D998-4A27-B98C-8320090D7F56}.Release|Any CPU.ActiveCfg = Release|Any CPU
		{A83F35DE-D998-4A27-B98C-8320090D7F56}.Release|Any CPU.Build.0 = Release|Any CPU
	EndGlobalSection
	GlobalSection(SolutionProperties) = preSolution
		HideSolutionNode = FALSE
	EndGlobalSection
	GlobalSection(NestedProjects) = preSolution
		{1B80C4F8-0A60-486E-9153-448690BD8B38} = {03FB881D-211D-424F-8EBF-78D54801AE61}
		{90856995-0134-4643-9760-C77F50D5D009} = {4B55608A-C949-4B98-A1D8-591635C78D9F}
		{62A5CD4D-3671-44E1-A8E8-4DA04E6B8687} = {0B4EF77E-50A6-4859-8BF2-B62FE2B7B868}
		{5FB87B13-3735-4375-89DE-2B4903868B96} = {0B4EF77E-50A6-4859-8BF2-B62FE2B7B868}
		{0011BA49-45E5-4AFF-8FB4-F415A71F4570} = {1BEDAD0A-B347-4979-BFD2-4D0E38CE2FB4}
		{B6DD62C5-5896-4643-BDF7-4D00B17E95A2} = {D080A5F1-202B-4516-B6C4-B043C3AF9347}
		{89305A7A-41B4-45C9-A935-634BB5BFF3BE} = {D080A5F1-202B-4516-B6C4-B043C3AF9347}
		{B3761E84-5178-430F-BD8C-5309503B1112} = {1BEDAD0A-B347-4979-BFD2-4D0E38CE2FB4}
		{1F08B562-23CB-40E6-9C9F-298C7B2EE9B0} = {03FB881D-211D-424F-8EBF-78D54801AE61}
		{564BA9D8-C6CA-4B15-A37A-9A9673D62733} = {03FB881D-211D-424F-8EBF-78D54801AE61}
		{A83F35DE-D998-4A27-B98C-8320090D7F56} = {03FB881D-211D-424F-8EBF-78D54801AE61}
	EndGlobalSection
EndGlobal
